// !$*UTF8*$!
{
	archiveVersion = 1;
	classes = {
	};
	objectVersion = 50;
	objects = {

/* Begin PBXBuildFile section */
		3921F7B423C2BEE8002A2136 /* AppDelegate.swift in Sources */ = {isa = PBXBuildFile; fileRef = 3921F7B323C2BEE8002A2136 /* AppDelegate.swift */; };
		3921F7B623C2BEE8002A2136 /* SceneDelegate.swift in Sources */ = {isa = PBXBuildFile; fileRef = 3921F7B523C2BEE8002A2136 /* SceneDelegate.swift */; };
		3921F7B823C2BEE8002A2136 /* ViewController.swift in Sources */ = {isa = PBXBuildFile; fileRef = 3921F7B723C2BEE8002A2136 /* ViewController.swift */; };
		3921F7BD23C2BEED002A2136 /* Assets.xcassets in Resources */ = {isa = PBXBuildFile; fileRef = 3921F7BC23C2BEED002A2136 /* Assets.xcassets */; };
		3921F7C023C2BEED002A2136 /* LaunchScreen.storyboard in Resources */ = {isa = PBXBuildFile; fileRef = 3921F7BE23C2BEED002A2136 /* LaunchScreen.storyboard */; };
		3921F7CB23C2BEED002A2136 /* ImageCarouselDemoTests.swift in Sources */ = {isa = PBXBuildFile; fileRef = 3921F7CA23C2BEED002A2136 /* ImageCarouselDemoTests.swift */; };
/* End PBXBuildFile section */

/* Begin PBXContainerItemProxy section */
		3921F7C723C2BEED002A2136 /* PBXContainerItemProxy */ = {
			isa = PBXContainerItemProxy;
			containerPortal = 3921F7A823C2BEE8002A2136 /* Project object */;
			proxyType = 1;
			remoteGlobalIDString = 3921F7AF23C2BEE8002A2136;
			remoteInfo = ImageCarouselDemo;
		};
/* End PBXContainerItemProxy section */

/* Begin PBXFileReference section */
		3921F7B023C2BEE8002A2136 /* ImageCarouselDemo.app */ = {isa = PBXFileReference; explicitFileType = wrapper.application; includeInIndex = 0; path = ImageCarouselDemo.app; sourceTree = BUILT_PRODUCTS_DIR; };
		3921F7B323C2BEE8002A2136 /* AppDelegate.swift */ = {isa = PBXFileReference; lastKnownFileType = sourcecode.swift; path = AppDelegate.swift; sourceTree = "<group>"; };
		3921F7B523C2BEE8002A2136 /* SceneDelegate.swift */ = {isa = PBXFileReference; lastKnownFileType = sourcecode.swift; path = SceneDelegate.swift; sourceTree = "<group>"; };
		3921F7B723C2BEE8002A2136 /* ViewController.swift */ = {isa = PBXFileReference; lastKnownFileType = sourcecode.swift; path = ViewController.swift; sourceTree = "<group>"; };
		3921F7BC23C2BEED002A2136 /* Assets.xcassets */ = {isa = PBXFileReference; lastKnownFileType = folder.assetcatalog; path = Assets.xcassets; sourceTree = "<group>"; };
		3921F7BF23C2BEED002A2136 /* Base */ = {isa = PBXFileReference; lastKnownFileType = file.storyboard; name = Base; path = Base.lproj/LaunchScreen.storyboard; sourceTree = "<group>"; };
		3921F7C123C2BEED002A2136 /* Info.plist */ = {isa = PBXFileReference; lastKnownFileType = text.plist.xml; path = Info.plist; sourceTree = "<group>"; };
		3921F7C623C2BEED002A2136 /* ImageCarouselDemoTests.xctest */ = {isa = PBXFileReference; explicitFileType = wrapper.cfbundle; includeInIndex = 0; path = ImageCarouselDemoTests.xctest; sourceTree = BUILT_PRODUCTS_DIR; };
		3921F7CA23C2BEED002A2136 /* ImageCarouselDemoTests.swift */ = {isa = PBXFileReference; lastKnownFileType = sourcecode.swift; path = ImageCarouselDemoTests.swift; sourceTree = "<group>"; };
		3921F7CC23C2BEED002A2136 /* Info.plist */ = {isa = PBXFileReference; lastKnownFileType = text.plist.xml; path = Info.plist; sourceTree = "<group>"; };
/* End PBXFileReference section */

/* Begin PBXFrameworksBuildPhase section */
		3921F7AD23C2BEE8002A2136 /* Frameworks */ = {
			isa = PBXFrameworksBuildPhase;
			buildActionMask = 2147483647;
			files = (
			);
			runOnlyForDeploymentPostprocessing = 0;
		};
		3921F7C323C2BEED002A2136 /* Frameworks */ = {
			isa = PBXFrameworksBuildPhase;
			buildActionMask = 2147483647;
			files = (
			);
			runOnlyForDeploymentPostprocessing = 0;
		};
/* End PBXFrameworksBuildPhase section */

/* Begin PBXGroup section */
		3921F7A723C2BEE8002A2136 = {
			isa = PBXGroup;
			children = (
				3921F7B223C2BEE8002A2136 /* ImageCarouselDemo */,
				3921F7C923C2BEED002A2136 /* ImageCarouselDemoTests */,
				3921F7B123C2BEE8002A2136 /* Products */,
			);
			sourceTree = "<group>";
		};
		3921F7B123C2BEE8002A2136 /* Products */ = {
			isa = PBXGroup;
			children = (
				3921F7B023C2BEE8002A2136 /* ImageCarouselDemo.app */,
				3921F7C623C2BEED002A2136 /* ImageCarouselDemoTests.xctest */,
			);
			name = Products;
			sourceTree = "<group>";
		};
		3921F7B223C2BEE8002A2136 /* ImageCarouselDemo */ = {
			isa = PBXGroup;
			children = (
				3921F7B323C2BEE8002A2136 /* AppDelegate.swift */,
				3921F7B523C2BEE8002A2136 /* SceneDelegate.swift */,
				3921F7B723C2BEE8002A2136 /* ViewController.swift */,
				3921F7BC23C2BEED002A2136 /* Assets.xcassets */,
				3921F7BE23C2BEED002A2136 /* LaunchScreen.storyboard */,
				3921F7C123C2BEED002A2136 /* Info.plist */,
			);
			path = ImageCarouselDemo;
			sourceTree = "<group>";
		};
		3921F7C923C2BEED002A2136 /* ImageCarouselDemoTests */ = {
			isa = PBXGroup;
			children = (
				3921F7CA23C2BEED002A2136 /* ImageCarouselDemoTests.swift */,
				3921F7CC23C2BEED002A2136 /* Info.plist */,
			);
			path = ImageCarouselDemoTests;
			sourceTree = "<group>";
		};
/* End PBXGroup section */

/* Begin PBXNativeTarget section */
		3921F7AF23C2BEE8002A2136 /* ImageCarouselDemo */ = {
			isa = PBXNativeTarget;
			buildConfigurationList = 3921F7CF23C2BEED002A2136 /* Build configuration list for PBXNativeTarget "ImageCarouselDemo" */;
			buildPhases = (
				3921F7AC23C2BEE8002A2136 /* Sources */,
				3921F7AD23C2BEE8002A2136 /* Frameworks */,
				3921F7AE23C2BEE8002A2136 /* Resources */,
			);
			buildRules = (
			);
			dependencies = (
			);
			name = ImageCarouselDemo;
			productName = ImageCarouselDemo;
			productReference = 3921F7B023C2BEE8002A2136 /* ImageCarouselDemo.app */;
			productType = "com.apple.product-type.application";
		};
		3921F7C523C2BEED002A2136 /* ImageCarouselDemoTests */ = {
			isa = PBXNativeTarget;
			buildConfigurationList = 3921F7D223C2BEED002A2136 /* Build configuration list for PBXNativeTarget "ImageCarouselDemoTests" */;
			buildPhases = (
				3921F7C223C2BEED002A2136 /* Sources */,
				3921F7C323C2BEED002A2136 /* Frameworks */,
				3921F7C423C2BEED002A2136 /* Resources */,
			);
			buildRules = (
			);
			dependencies = (
				3921F7C823C2BEED002A2136 /* PBXTargetDependency */,
			);
			name = ImageCarouselDemoTests;
			productName = ImageCarouselDemoTests;
			productReference = 3921F7C623C2BEED002A2136 /* ImageCarouselDemoTests.xctest */;
			productType = "com.apple.product-type.bundle.unit-test";
		};
/* End PBXNativeTarget section */

/* Begin PBXProject section */
		3921F7A823C2BEE8002A2136 /* Project object */ = {
			isa = PBXProject;
			attributes = {
				LastSwiftUpdateCheck = 1130;
				LastUpgradeCheck = 1130;
				ORGANIZATIONNAME = Min;
				TargetAttributes = {
					3921F7AF23C2BEE8002A2136 = {
						CreatedOnToolsVersion = 11.3;
					};
					3921F7C523C2BEED002A2136 = {
						CreatedOnToolsVersion = 11.3;
						TestTargetID = 3921F7AF23C2BEE8002A2136;
					};
				};
			};
			buildConfigurationList = 3921F7AB23C2BEE8002A2136 /* Build configuration list for PBXProject "ImageCarouselDemo" */;
			compatibilityVersion = "Xcode 9.3";
			developmentRegion = en;
			hasScannedForEncodings = 0;
			knownRegions = (
				en,
				Base,
			);
			mainGroup = 3921F7A723C2BEE8002A2136;
			productRefGroup = 3921F7B123C2BEE8002A2136 /* Products */;
			projectDirPath = "";
			projectRoot = "";
			targets = (
				3921F7AF23C2BEE8002A2136 /* ImageCarouselDemo */,
				3921F7C523C2BEED002A2136 /* ImageCarouselDemoTests */,
			);
		};
/* End PBXProject section */

/* Begin PBXResourcesBuildPhase section */
		3921F7AE23C2BEE8002A2136 /* Resources */ = {
			isa = PBXResourcesBuildPhase;
			buildActionMask = 2147483647;
			files = (
				3921F7C023C2BEED002A2136 /* LaunchScreen.storyboard in Resources */,
				3921F7BD23C2BEED002A2136 /* Assets.xcassets in Resources */,
			);
			runOnlyForDeploymentPostprocessing = 0;
		};
		3921F7C423C2BEED002A2136 /* Resources */ = {
			isa = PBXResourcesBuildPhase;
			buildActionMask = 2147483647;
			files = (
			);
			runOnlyForDeploymentPostprocessing = 0;
		};
/* End PBXResourcesBuildPhase section */

/* Begin PBXSourcesBuildPhase section */
		3921F7AC23C2BEE8002A2136 /* Sources */ = {
			isa = PBXSourcesBuildPhase;
			buildActionMask = 2147483647;
			files = (
				3921F7B823C2BEE8002A2136 /* ViewController.swift in Sources */,
				3921F7B423C2BEE8002A2136 /* AppDelegate.swift in Sources */,
				3921F7B623C2BEE8002A2136 /* SceneDelegate.swift in Sources */,
			);
			runOnlyForDeploymentPostprocessing = 0;
		};
		3921F7C223C2BEED002A2136 /* Sources */ = {
			isa = PBXSourcesBuildPhase;
			buildActionMask = 2147483647;
			files = (
				3921F7CB23C2BEED002A2136 /* ImageCarouselDemoTests.swift in Sources */,
			);
			runOnlyForDeploymentPostprocessing = 0;
		};
/* End PBXSourcesBuildPhase section */

/* Begin PBXTargetDependency section */
		3921F7C823C2BEED002A2136 /* PBXTargetDependency */ = {
			isa = PBXTargetDependency;
			target = 3921F7AF23C2BEE8002A2136 /* ImageCarouselDemo */;
			targetProxy = 3921F7C723C2BEED002A2136 /* PBXContainerItemProxy */;
		};
/* End PBXTargetDependency section */

/* Begin PBXVariantGroup section */
		3921F7BE23C2BEED002A2136 /* LaunchScreen.storyboard */ = {
			isa = PBXVariantGroup;
			children = (
				3921F7BF23C2BEED002A2136 /* Base */,
			);
			name = LaunchScreen.storyboard;
			sourceTree = "<group>";
		};
/* End PBXVariantGroup section */

/* Begin XCBuildConfiguration section */
		3921F7CD23C2BEED002A2136 /* Debug */ = {
			isa = XCBuildConfiguration;
			buildSettings = {
				ALWAYS_SEARCH_USER_PATHS = NO;
				CLANG_ANALYZER_NONNULL = YES;
				CLANG_ANALYZER_NUMBER_OBJECT_CONVERSION = YES_AGGRESSIVE;
				CLANG_CXX_LANGUAGE_STANDARD = "gnu++14";
				CLANG_CXX_LIBRARY = "libc++";
				CLANG_ENABLE_MODULES = YES;
				CLANG_ENABLE_OBJC_ARC = YES;
				CLANG_ENABLE_OBJC_WEAK = YES;
				CLANG_WARN_BLOCK_CAPTURE_AUTORELEASING = YES;
				CLANG_WARN_BOOL_CONVERSION = YES;
				CLANG_WARN_COMMA = YES;
				CLANG_WARN_CONSTANT_CONVERSION = YES;
				CLANG_WARN_DEPRECATED_OBJC_IMPLEMENTATIONS = YES;
				CLANG_WARN_DIRECT_OBJC_ISA_USAGE = YES_ERROR;
				CLANG_WARN_DOCUMENTATION_COMMENTS = YES;
				CLANG_WARN_EMPTY_BODY = YES;
				CLANG_WARN_ENUM_CONVERSION = YES;
				CLANG_WARN_INFINITE_RECURSION = YES;
				CLANG_WARN_INT_CONVERSION = YES;
				CLANG_WARN_NON_LITERAL_NULL_CONVERSION = YES;
				CLANG_WARN_OBJC_IMPLICIT_RETAIN_SELF = YES;
				CLANG_WARN_OBJC_LITERAL_CONVERSION = YES;
				CLANG_WARN_OBJC_ROOT_CLASS = YES_ERROR;
				CLANG_WARN_RANGE_LOOP_ANALYSIS = YES;
				CLANG_WARN_STRICT_PROTOTYPES = YES;
				CLANG_WARN_SUSPICIOUS_MOVE = YES;
				CLANG_WARN_UNGUARDED_AVAILABILITY = YES_AGGRESSIVE;
				CLANG_WARN_UNREACHABLE_CODE = YES;
				CLANG_WARN__DUPLICATE_METHOD_MATCH = YES;
				COPY_PHASE_STRIP = NO;
				DEBUG_INFORMATION_FORMAT = dwarf;
				ENABLE_STRICT_OBJC_MSGSEND = YES;
				ENABLE_TESTABILITY = YES;
				GCC_C_LANGUAGE_STANDARD = gnu11;
				GCC_DYNAMIC_NO_PIC = NO;
				GCC_NO_COMMON_BLOCKS = YES;
				GCC_OPTIMIZATION_LEVEL = 0;
				GCC_PREPROCESSOR_DEFINITIONS = (
					"DEBUG=1",
					"$(inherited)",
				);
				GCC_WARN_64_TO_32_BIT_CONVERSION = YES;
				GCC_WARN_ABOUT_RETURN_TYPE = YES_ERROR;
				GCC_WARN_UNDECLARED_SELECTOR = YES;
				GCC_WARN_UNINITIALIZED_AUTOS = YES_AGGRESSIVE;
				GCC_WARN_UNUSED_FUNCTION = YES;
				GCC_WARN_UNUSED_VARIABLE = YES;
				IPHONEOS_DEPLOYMENT_TARGET = 13.2;
				MTL_ENABLE_DEBUG_INFO = INCLUDE_SOURCE;
				MTL_FAST_MATH = YES;
				ONLY_ACTIVE_ARCH = YES;
				SDKROOT = iphoneos;
				SWIFT_ACTIVE_COMPILATION_CONDITIONS = DEBUG;
				SWIFT_OPTIMIZATION_LEVEL = "-Onone";
			};
			name = Debug;
		};
		3921F7CE23C2BEED002A2136 /* Release */ = {
			isa = XCBuildConfiguration;
			buildSettings = {
				ALWAYS_SEARCH_USER_PATHS = NO;
				CLANG_ANALYZER_NONNULL = YES;
				CLANG_ANALYZER_NUMBER_OBJECT_CONVERSION = YES_AGGRESSIVE;
				CLANG_CXX_LANGUAGE_STANDARD = "gnu++14";
				CLANG_CXX_LIBRARY = "libc++";
				CLANG_ENABLE_MODULES = YES;
				CLANG_ENABLE_OBJC_ARC = YES;
				CLANG_ENABLE_OBJC_WEAK = YES;
				CLANG_WARN_BLOCK_CAPTURE_AUTORELEASING = YES;
				CLANG_WARN_BOOL_CONVERSION = YES;
				CLANG_WARN_COMMA = YES;
				CLANG_WARN_CONSTANT_CONVERSION = YES;
				CLANG_WARN_DEPRECATED_OBJC_IMPLEMENTATIONS = YES;
				CLANG_WARN_DIRECT_OBJC_ISA_USAGE = YES_ERROR;
				CLANG_WARN_DOCUMENTATION_COMMENTS = YES;
				CLANG_WARN_EMPTY_BODY = YES;
				CLANG_WARN_ENUM_CONVERSION = YES;
				CLANG_WARN_INFINITE_RECURSION = YES;
				CLANG_WARN_INT_CONVERSION = YES;
				CLANG_WARN_NON_LITERAL_NULL_CONVERSION = YES;
				CLANG_WARN_OBJC_IMPLICIT_RETAIN_SELF = YES;
				CLANG_WARN_OBJC_LITERAL_CONVERSION = YES;
				CLANG_WARN_OBJC_ROOT_CLASS = YES_ERROR;
				CLANG_WARN_RANGE_LOOP_ANALYSIS = YES;
				CLANG_WARN_STRICT_PROTOTYPES = YES;
				CLANG_WARN_SUSPICIOUS_MOVE = YES;
				CLANG_WARN_UNGUARDED_AVAILABILITY = YES_AGGRESSIVE;
				CLANG_WARN_UNREACHABLE_CODE = YES;
				CLANG_WARN__DUPLICATE_METHOD_MATCH = YES;
				COPY_PHASE_STRIP = NO;
				DEBUG_INFORMATION_FORMAT = "dwarf-with-dsym";
				ENABLE_NS_ASSERTIONS = NO;
				ENABLE_STRICT_OBJC_MSGSEND = YES;
				GCC_C_LANGUAGE_STANDARD = gnu11;
				GCC_NO_COMMON_BLOCKS = YES;
				GCC_WARN_64_TO_32_BIT_CONVERSION = YES;
				GCC_WARN_ABOUT_RETURN_TYPE = YES_ERROR;
				GCC_WARN_UNDECLARED_SELECTOR = YES;
				GCC_WARN_UNINITIALIZED_AUTOS = YES_AGGRESSIVE;
				GCC_WARN_UNUSED_FUNCTION = YES;
				GCC_WARN_UNUSED_VARIABLE = YES;
				IPHONEOS_DEPLOYMENT_TARGET = 13.2;
				MTL_ENABLE_DEBUG_INFO = NO;
				MTL_FAST_MATH = YES;
				SDKROOT = iphoneos;
				SWIFT_COMPILATION_MODE = wholemodule;
				SWIFT_OPTIMIZATION_LEVEL = "-O";
				VALIDATE_PRODUCT = YES;
			};
			name = Release;
		};
		3921F7D023C2BEED002A2136 /* Debug */ = {
			isa = XCBuildConfiguration;
			buildSettings = {
				ASSETCATALOG_COMPILER_APPICON_NAME = AppIcon;
				CODE_SIGN_STYLE = Automatic;
				DEVELOPMENT_TEAM = 2W4XUH8LUQ;
				INFOPLIST_FILE = ImageCarouselDemo/Info.plist;
				LD_RUNPATH_SEARCH_PATHS = (
					"$(inherited)",
					"@executable_path/Frameworks",
				);
				PRODUCT_BUNDLE_IDENTIFIER = com.min.ImageCarouselDemo;
				PRODUCT_NAME = "$(TARGET_NAME)";
				SWIFT_VERSION = 5.0;
				TARGETED_DEVICE_FAMILY = "1,2";
			};
			name = Debug;
		};
		3921F7D123C2BEED002A2136 /* Release */ = {
			isa = XCBuildConfiguration;
			buildSettings = {
				ASSETCATALOG_COMPILER_APPICON_NAME = AppIcon;
				CODE_SIGN_STYLE = Automatic;
				DEVELOPMENT_TEAM = 2W4XUH8LUQ;
				INFOPLIST_FILE = ImageCarouselDemo/Info.plist;
				LD_RUNPATH_SEARCH_PATHS = (
					"$(inherited)",
					"@executable_path/Frameworks",
				);
				PRODUCT_BUNDLE_IDENTIFIER = com.min.ImageCarouselDemo;
				PRODUCT_NAME = "$(TARGET_NAME)";
				SWIFT_VERSION = 5.0;
				TARGETED_DEVICE_FAMILY = "1,2";
			};
			name = Release;
		};
		3921F7D323C2BEED002A2136 /* Debug */ = {
			isa = XCBuildConfiguration;
			buildSettings = {
				ALWAYS_EMBED_SWIFT_STANDARD_LIBRARIES = YES;
				BUNDLE_LOADER = "$(TEST_HOST)";
				CODE_SIGN_STYLE = Automatic;
				DEVELOPMENT_TEAM = 2W4XUH8LUQ;
				INFOPLIST_FILE = ImageCarouselDemoTests/Info.plist;
				IPHONEOS_DEPLOYMENT_TARGET = 13.2;
				LD_RUNPATH_SEARCH_PATHS = (
					"$(inherited)",
					"@executable_path/Frameworks",
					"@loader_path/Frameworks",
				);
				PRODUCT_BUNDLE_IDENTIFIER = com.min.ImageCarouselDemoTests;
				PRODUCT_NAME = "$(TARGET_NAME)";
				SWIFT_VERSION = 5.0;
				TARGETED_DEVICE_FAMILY = "1,2";
				TEST_HOST = "$(BUILT_PRODUCTS_DIR)/ImageCarouselDemo.app/ImageCarouselDemo";
			};
			name = Debug;
		};
		3921F7D423C2BEED002A2136 /* Release */ = {
			isa = XCBuildConfiguration;
			buildSettings = {
				ALWAYS_EMBED_SWIFT_STANDARD_LIBRARIES = YES;
				BUNDLE_LOADER = "$(TEST_HOST)";
				CODE_SIGN_STYLE = Automatic;
				DEVELOPMENT_TEAM = 2W4XUH8LUQ;
				INFOPLIST_FILE = ImageCarouselDemoTests/Info.plist;
				IPHONEOS_DEPLOYMENT_TARGET = 13.2;
				LD_RUNPATH_SEARCH_PATHS = (
					"$(inherited)",
					"@executable_path/Frameworks",
					"@loader_path/Frameworks",
				);
				PRODUCT_BUNDLE_IDENTIFIER = com.min.ImageCarouselDemoTests;
				PRODUCT_NAME = "$(TARGET_NAME)";
				SWIFT_VERSION = 5.0;
				TARGETED_DEVICE_FAMILY = "1,2";
				TEST_HOST = "$(BUILT_PRODUCTS_DIR)/ImageCarouselDemo.app/ImageCarouselDemo";
			};
			name = Release;
		};
/* End XCBuildConfiguration section */

/* Begin XCConfigurationList section */
		3921F7AB23C2BEE8002A2136 /* Build configuration list for PBXProject "ImageCarouselDemo" */ = {
			isa = XCConfigurationList;
			buildConfigurations = (
				3921F7CD23C2BEED002A2136 /* Debug */,
				3921F7CE23C2BEED002A2136 /* Release */,
			);
			defaultConfigurationIsVisible = 0;
			defaultConfigurationName = Release;
		};
		3921F7CF23C2BEED002A2136 /* Build configuration list for PBXNativeTarget "ImageCarouselDemo" */ = {
			isa = XCConfigurationList;
			buildConfigurations = (
				3921F7D023C2BEED002A2136 /* Debug */,
				3921F7D123C2BEED002A2136 /* Release */,
			);
			defaultConfigurationIsVisible = 0;
			defaultConfigurationName = Release;
		};
		3921F7D223C2BEED002A2136 /* Build configuration list for PBXNativeTarget "ImageCarouselDemoTests" */ = {
			isa = XCConfigurationList;
			buildConfigurations = (
				3921F7D323C2BEED002A2136 /* Debug */,
				3921F7D423C2BEED002A2136 /* Release */,
			);
			defaultConfigurationIsVisible = 0;
			defaultConfigurationName = Release;
		};
/* End XCConfigurationList section */
	};
	rootObject = 3921F7A823C2BEE8002A2136 /* Project object */;
}
